# THIS IS AN AUTOGENERATED FILE. DO NOT EDIT THIS FILE DIRECTLY.
# yarn lockfile v1


"@types/node@^8.5.1":
  version "8.5.1"
  resolved "https://registry.yarnpkg.com/@types/node/-/node-8.5.1.tgz#4ec3020bcdfe2abffeef9ba3fbf26fca097514b5"

browser-split@0.0.1:
  version "0.0.1"
  resolved "https://registry.yarnpkg.com/browser-split/-/browser-split-0.0.1.tgz#7b097574f8e3ead606fb4664e64adfdda2981a93"

extend@^3.0.0:
  version "3.0.1"
  resolved "https://registry.yarnpkg.com/extend/-/extend-3.0.1.tgz#a755ea7bc1adfcc5a31ce7e762dbaadc5e636444"

lodash.escape@^4.0.1:
  version "4.0.1"
  resolved "https://registry.yarnpkg.com/lodash.escape/-/lodash.escape-4.0.1.tgz#c9044690c21e04294beaa517712fded1fa88de98"

lodash.forown@^4.4.0:
  version "4.4.0"
  resolved "https://registry.yarnpkg.com/lodash.forown/-/lodash.forown-4.4.0.tgz#85115cf04f73ef966eced52511d3893cc46683af"

lodash.kebabcase@^4.1.1:
  version "4.1.1"
  resolved "https://registry.yarnpkg.com/lodash.kebabcase/-/lodash.kebabcase-4.1.1.tgz#8489b1cb0d29ff88195cceca448ff6d6cc295c36"

lodash.remove@^4.7.0:
  version "4.7.0"
  resolved "https://registry.yarnpkg.com/lodash.remove/-/lodash.remove-4.7.0.tgz#f31d31e7c39a0690d5074ec0d3627162334ee626"

lodash.uniq@^4.5.0:
  version "4.5.0"
  resolved "https://registry.yarnpkg.com/lodash.uniq/-/lodash.uniq-4.5.0.tgz#d0225373aeb652adc1bc82e4945339a842754773"

object-assign@^4.1.0:
  version "4.1.1"
  resolved "https://registry.yarnpkg.com/object-assign/-/object-assign-4.1.1.tgz#2109adc7965887cfc05cbbd442cac8bfbb360863"

parse-sel@^1.0.0:
  version "1.0.0"
  resolved "https://registry.yarnpkg.com/parse-sel/-/parse-sel-1.0.0.tgz#b9300d2bb946a06c22c98e208e47b2088690cbdd"
  dependencies:
    browser-split "0.0.1"

snabbdom-pragma@^2.6.0:
  version "2.6.0"
  resolved "https://registry.yarnpkg.com/snabbdom-pragma/-/snabbdom-pragma-2.6.0.tgz#d6b69b41215d9367ec25acbdd26fe2d0c2c739a1"
  dependencies:
    extend "^3.0.0"

snabbdom-to-html@^5.0.0:
  version "5.0.0"
  resolved "https://registry.yarnpkg.com/snabbdom-to-html/-/snabbdom-to-html-5.0.0.tgz#9a5ebf91a40418eaea05d4f694849ef0aafdb358"
  dependencies:
    lodash.escape "^4.0.1"
    lodash.forown "^4.4.0"
    lodash.kebabcase "^4.1.1"
    lodash.remove "^4.7.0"
    lodash.uniq "^4.5.0"
    object-assign "^4.1.0"
    parse-sel "^1.0.0"

snabbdom@^0.7.0:
  version "0.7.0"
  resolved "https://registry.yarnpkg.com/snabbdom/-/snabbdom-0.7.0.tgz#c09e2baa0f8d43d306a3aa7502b62fdde2b4154e"

typescript@^2.6.2:
  version "2.6.2"
  resolved "https://registry.yarnpkg.com/typescript/-/typescript-2.6.2.tgz#3c5b6fd7f6de0914269027f03c0946758f7673a4"
